{
  "nodes": {
    "disko": {
      "inputs": {
        "nixpkgs": [
          "nixpkgs"
        ]
      },
      "locked": {
        "lastModified": 1758287904,
        "narHash": "sha256-IGmaEf3Do8o5Cwp1kXBN1wQmZwQN3NLfq5t4nHtVtcU=",
        "owner": "nix-community",
        "repo": "disko",
        "rev": "67ff9807dd148e704baadbd4fd783b54282ca627",
        "type": "github"
      },
      "original": {
        "owner": "nix-community",
        "repo": "disko",
        "type": "github"
      }
    },
    "flake-compat": {
      "flake": false,
      "locked": {
        "lastModified": 1747046372,
        "narHash": "sha256-CIVLLkVgvHYbgI2UpXvIIBJ12HWgX+fjA8Xf8PUmqCY=",
        "owner": "edolstra",
        "repo": "flake-compat",
        "rev": "9100a0f413b0c601e0533d1d94ffd501ce2e7885",
        "type": "github"
      },
      "original": {
        "owner": "edolstra",
        "repo": "flake-compat",
        "type": "github"
      }
    },
    "flake-compat_2": {
      "flake": false,
      "locked": {
        "lastModified": 1747046372,
        "narHash": "sha256-CIVLLkVgvHYbgI2UpXvIIBJ12HWgX+fjA8Xf8PUmqCY=",
        "owner": "edolstra",
        "repo": "flake-compat",
        "rev": "9100a0f413b0c601e0533d1d94ffd501ce2e7885",
        "type": "github"
      },
      "original": {
        "owner": "edolstra",
        "repo": "flake-compat",
        "type": "github"
      }
    },
    "flake-parts": {
      "inputs": {
        "nixpkgs-lib": "nixpkgs-lib"
      },
      "locked": {
        "lastModified": 1719994518,
        "narHash": "sha256-pQMhCCHyQGRzdfAkdJ4cIWiw+JNuWsTX7f0ZYSyz0VY=",
        "owner": "hercules-ci",
        "repo": "flake-parts",
        "rev": "9227223f6d922fee3c7b190b2cc238a99527bbb7",
        "type": "github"
      },
      "original": {
        "owner": "hercules-ci",
        "repo": "flake-parts",
        "type": "github"
      }
    },
    "flake-parts_2": {
      "inputs": {
        "nixpkgs-lib": [
          "nur",
          "nixpkgs"
        ]
      },
      "locked": {
        "lastModified": 1733312601,
        "narHash": "sha256-4pDvzqnegAfRkPwO3wmwBhVi/Sye1mzps0zHWYnP88c=",
        "owner": "hercules-ci",
        "repo": "flake-parts",
        "rev": "205b12d8b7cd4802fbcb8e8ef6a0f1408781a4f9",
        "type": "github"
      },
      "original": {
        "owner": "hercules-ci",
        "repo": "flake-parts",
        "type": "github"
      }
    },
    "flake-utils": {
      "inputs": {
        "systems": "systems"
      },
      "locked": {
        "lastModified": 1731533236,
        "narHash": "sha256-l0KFg5HjrsfsO/JpG+r7fRrqm12kzFHyUHqHCVpMMbI=",
        "owner": "numtide",
        "repo": "flake-utils",
        "rev": "11707dc2f618dd54ca8739b309ec4fc024de578b",
        "type": "github"
      },
      "original": {
        "owner": "numtide",
        "repo": "flake-utils",
        "type": "github"
      }
    },
    "ghostty": {
      "inputs": {
        "flake-compat": "flake-compat",
        "flake-utils": "flake-utils",
        "nixpkgs": "nixpkgs",
        "zig": "zig",
        "zon2nix": "zon2nix"
      },
      "locked": {
        "lastModified": 1759810434,
        "narHash": "sha256-8rJsDpH+Jv3GUpZe4tX+jxDZTYK3m5ehyjaq3WY/yjc=",
        "owner": "ghostty-org",
        "repo": "ghostty",
        "rev": "67ece534237ea5ebf99f2fe5628c56d52e3291f3",
        "type": "github"
      },
      "original": {
        "owner": "ghostty-org",
        "repo": "ghostty",
        "type": "github"
      }
    },
    "gitignore": {
      "inputs": {
        "nixpkgs": [
          "pre-commit-hooks",
          "nixpkgs"
        ]
      },
      "locked": {
        "lastModified": 1709087332,
        "narHash": "sha256-HG2cCnktfHsKV0s4XW83gU3F57gaTljL9KNSuG6bnQs=",
        "owner": "hercules-ci",
        "repo": "gitignore.nix",
        "rev": "637db329424fd7e46cf4185293b9cc8c88c95394",
        "type": "github"
      },
      "original": {
        "owner": "hercules-ci",
        "repo": "gitignore.nix",
        "type": "github"
      }
    },
    "home-manager": {
      "inputs": {
        "nixpkgs": [
          "nixpkgs"
        ]
      },
      "locked": {
        "lastModified": 1759761710,
        "narHash": "sha256-6ZG7VZZsbg39gtziGSvCJKurhIahIuiCn+W6TGB5kOU=",
        "owner": "nix-community",
        "repo": "home-manager",
        "rev": "929535c3082afdf0b18afec5ea1ef14d7689ff1c",
        "type": "github"
      },
      "original": {
        "owner": "nix-community",
        "repo": "home-manager",
        "type": "github"
      }
    },
    "lexical": {
      "inputs": {
        "flake-parts": "flake-parts",
        "nixpkgs": [
          "nixpkgs"
        ],
        "systems": "systems_2"
      },
      "locked": {
        "lastModified": 1739906465,
        "narHash": "sha256-p8XSJBX1igwC+ssEJGD8wb/ZYaEgLGozlY8N6spo3cA=",
        "owner": "lexical-lsp",
        "repo": "lexical",
        "rev": "477e8b418b27960710109d0014167bb371b0cade",
        "type": "github"
      },
      "original": {
        "owner": "lexical-lsp",
        "repo": "lexical",
        "type": "github"
      }
    },
    "nix-darwin": {
      "inputs": {
        "nixpkgs": [
          "nixpkgs"
        ]
      },
      "locked": {
        "lastModified": 1758805352,
        "narHash": "sha256-BHdc43Lkayd+72W/NXRKHzX5AZ+28F3xaUs3a88/Uew=",
        "owner": "LnL7",
        "repo": "nix-darwin",
        "rev": "c48e963a5558eb1c3827d59d21c5193622a1477c",
        "type": "github"
      },
      "original": {
        "owner": "LnL7",
        "repo": "nix-darwin",
        "type": "github"
      }
    },
    "nixos-hardware": {
      "locked": {
        "lastModified": 1759582739,
        "narHash": "sha256-spZegilADH0q5OngM86u6NmXxduCNv5eX9vCiUPhOYc=",
        "owner": "NixOS",
        "repo": "nixos-hardware",
        "rev": "3441b5242af7577230a78ffb03542add264179ab",
        "type": "github"
      },
      "original": {
        "owner": "NixOS",
        "repo": "nixos-hardware",
        "type": "github"
      }
    },
    "nixpkgs": {
      "locked": {
        "lastModified": 315532800,
        "narHash": "sha256-YwoXN6fthkakCFD7nXPcUK+rkNr6ZTNTuF8zdGaxZo0=",
        "rev": "dc704e6102e76aad573f63b74c742cd96f8f1e6c",
        "type": "tarball",
        "url": "https://releases.nixos.org/nixpkgs/nixpkgs-25.11pre870318.dc704e6102e7/nixexprs.tar.xz"
      },
      "original": {
        "type": "tarball",
        "url": "https://channels.nixos.org/nixpkgs-unstable/nixexprs.tar.xz"
      }
    },
    "nixpkgs-lib": {
      "locked": {
        "lastModified": 1719876945,
        "narHash": "sha256-Fm2rDDs86sHy0/1jxTOKB1118Q0O3Uc7EC0iXvXKpbI=",
        "type": "tarball",
        "url": "https://github.com/NixOS/nixpkgs/archive/5daf0514482af3f97abaefc78a6606365c9108e2.tar.gz"
      },
      "original": {
        "type": "tarball",
        "url": "https://github.com/NixOS/nixpkgs/archive/5daf0514482af3f97abaefc78a6606365c9108e2.tar.gz"
      }
    },
    "nixpkgs-unstable-small": {
      "locked": {
        "lastModified": 1759794031,
        "narHash": "sha256-Zruni/00BlDHSWVJf3mb0o+OHnxIvJNuXkPloY9c+PU=",
        "owner": "NixOS",
        "repo": "nixpkgs",
        "rev": "09c221b2f0726da85b124efb60a1d123971dfa08",
        "type": "github"
      },
      "original": {
        "id": "nixpkgs",
        "ref": "nixos-unstable-small",
        "type": "indirect"
      }
    },
    "nixpkgs_2": {
      "locked": {
        "lastModified": 1758360447,
        "narHash": "sha256-XDY3A83bclygHDtesRoaRTafUd80Q30D/Daf9KSG6bs=",
        "rev": "8eaee110344796db060382e15d3af0a9fc396e0e",
        "type": "tarball",
        "url": "https://releases.nixos.org/nixos/unstable/nixos-25.11pre864002.8eaee1103447/nixexprs.tar.xz"
      },
      "original": {
        "type": "tarball",
        "url": "https://channels.nixos.org/nixos-unstable/nixexprs.tar.xz"
      }
    },
    "nixpkgs_3": {
      "locked": {
        "lastModified": 1759632233,
        "narHash": "sha256-krgZxGAIIIKFJS+UB0l8do3sYUDWJc75M72tepmVMzE=",
        "owner": "NixOS",
        "repo": "nixpkgs",
        "rev": "d7f52a7a640bc54c7bb414cca603835bf8dd4b10",
        "type": "github"
      },
      "original": {
        "id": "nixpkgs",
        "ref": "nixpkgs-unstable",
        "type": "indirect"
      }
    },
    "nixpkgs_4": {
      "locked": {
        "lastModified": 1759381078,
        "narHash": "sha256-gTrEEp5gEspIcCOx9PD8kMaF1iEmfBcTbO0Jag2QhQs=",
        "owner": "nixos",
        "repo": "nixpkgs",
        "rev": "7df7ff7d8e00218376575f0acdcc5d66741351ee",
        "type": "github"
      },
      "original": {
        "owner": "nixos",
        "ref": "nixos-unstable",
        "repo": "nixpkgs",
        "type": "github"
      }
    },
    "nixpkgs_5": {
      "locked": {
        "lastModified": 1759070547,
        "narHash": "sha256-JVZl8NaVRYb0+381nl7LvPE+A774/dRpif01FKLrYFQ=",
        "owner": "NixOS",
        "repo": "nixpkgs",
        "rev": "647e5c14cbd5067f44ac86b74f014962df460840",
        "type": "github"
      },
      "original": {
        "owner": "NixOS",
        "ref": "nixpkgs-unstable",
        "repo": "nixpkgs",
        "type": "github"
      }
    },
    "nur": {
      "inputs": {
        "flake-parts": "flake-parts_2",
        "nixpkgs": "nixpkgs_4"
      },
      "locked": {
        "lastModified": 1759810143,
        "narHash": "sha256-K9YmTmfmWIg8Li/3bwPIp58DJFl9bKY2ab5/W8BROPo=",
        "owner": "nix-community",
        "repo": "NUR",
        "rev": "55d07564056e8be7f127c9a8a4036efce892cef9",
        "type": "github"
      },
      "original": {
        "owner": "nix-community",
        "repo": "NUR",
        "type": "github"
      }
    },
    "pre-commit-hooks": {
      "inputs": {
        "flake-compat": "flake-compat_2",
        "gitignore": "gitignore",
        "nixpkgs": "nixpkgs_5"
      },
      "locked": {
        "lastModified": 1759523803,
        "narHash": "sha256-PTod9NG+i3XbbnBKMl/e5uHDBYpwIWivQ3gOWSEuIEM=",
        "owner": "cachix",
        "repo": "pre-commit-hooks.nix",
        "rev": "cfc9f7bb163ad8542029d303e599c0f7eee09835",
        "type": "github"
      },
      "original": {
        "owner": "cachix",
        "repo": "pre-commit-hooks.nix",
        "type": "github"
      }
    },
    "root": {
      "inputs": {
        "disko": "disko",
        "ghostty": "ghostty",
        "home-manager": "home-manager",
        "lexical": "lexical",
        "nix-darwin": "nix-darwin",
        "nixos-hardware": "nixos-hardware",
        "nixpkgs": "nixpkgs_3",
        "nixpkgs-unstable-small": "nixpkgs-unstable-small",
        "nur": "nur",
        "pre-commit-hooks": "pre-commit-hooks",
        "sops-nix": "sops-nix"
      }
    },
    "sops-nix": {
      "inputs": {
        "nixpkgs": [
          "nixpkgs"
        ]
      },
      "locked": {
        "lastModified": 1759635238,
        "narHash": "sha256-UvzKi02LMFP74csFfwLPAZ0mrE7k6EiYaKecplyX9Qk=",
        "owner": "Mic92",
        "repo": "sops-nix",
        "rev": "6e5a38e08a2c31ae687504196a230ae00ea95133",
        "type": "github"
      },
      "original": {
        "owner": "Mic92",
        "repo": "sops-nix",
        "type": "github"
      }
    },
    "systems": {
      "locked": {
        "lastModified": 1681028828,
        "narHash": "sha256-Vy1rq5AaRuLzOxct8nz4T6wlgyUR7zLU309k9mBC768=",
        "owner": "nix-systems",
        "repo": "default",
        "rev": "da67096a3b9bf56a91d16901293e51ba5b49a27e",
        "type": "github"
      },
      "original": {
        "owner": "nix-systems",
        "repo": "default",
        "type": "github"
      }
    },
    "systems_2": {
      "locked": {
        "lastModified": 1681028828,
        "narHash": "sha256-Vy1rq5AaRuLzOxct8nz4T6wlgyUR7zLU309k9mBC768=",
        "owner": "nix-systems",
        "repo": "default",
        "rev": "da67096a3b9bf56a91d16901293e51ba5b49a27e",
        "type": "github"
      },
      "original": {
        "owner": "nix-systems",
        "repo": "default",
        "type": "github"
      }
    },
    "zig": {
      "inputs": {
        "flake-compat": [
          "ghostty",
          "flake-compat"
        ],
        "flake-utils": [
          "ghostty",
          "flake-utils"
        ],
        "nixpkgs": [
          "ghostty",
          "nixpkgs"
        ]
      },
      "locked": {
        "lastModified": 1759192380,
        "narHash": "sha256-0BWJgt4OSzxCESij5oo8WLWrPZ+1qLp8KUQe32QeV4Q=",
        "owner": "mitchellh",
        "repo": "zig-overlay",
        "rev": "0bcd1401ed43d10f10cbded49624206553e92f57",
        "type": "github"
      },
      "original": {
        "owner": "mitchellh",
        "repo": "zig-overlay",
        "type": "github"
      }
    },
    "zon2nix": {
      "inputs": {
        "nixpkgs": "nixpkgs_2"
      },
      "locked": {
        "lastModified": 1758405547,
        "narHash": "sha256-WgaDgvIZMPvlZcZrpPMjkaalTBnGF2lTG+62znXctWM=",
        "owner": "jcollie",
        "repo": "zon2nix",
        "rev": "bf983aa90ff169372b9fa8c02e57ea75e0b42245",
        "type": "github"
      },
      "original": {
        "owner": "jcollie",
        "repo": "zon2nix",
        "rev": "bf983aa90ff169372b9fa8c02e57ea75e0b42245",
        "type": "github"
      }
    }
  },
  "root": "root",
  "version": 7
}
